{
  "name": "hedgeblog",
  "version": "0.0.1",
  "lockfileVersion": 3,
  "requires": true,
  "packages": {
    "": {
      "name": "hedgeblog",
      "version": "0.0.1",
      "license": "AGPL-3.0",
      "dependencies": {
        "makoto": "^1.0.1"
      },
      "devDependencies": {
        "@types/node": "^20.4.5"
      }
    },
    "node_modules/@types/node": {
      "version": "20.4.5",
      "resolved": "https://registry.npmjs.org/@types/node/-/node-20.4.5.tgz",
      "integrity": "sha512-rt40Nk13II9JwQBdeYqmbn2Q6IVTA5uPhvSO+JVqdXw/6/4glI6oR9ezty/A9Hg5u7JH4OmYmuQ+XvjKm0Datg==",
      "dev": true
    },
    "node_modules/makoto": {
      "version": "1.0.1",
      "resolved": "https://registry.npmjs.org/makoto/-/makoto-1.0.1.tgz",
      "integrity": "sha512-SV/HW0lAy/D0tuYlX00Hg1g+5uo4ak95tcObw3RcY5U/fWMlc3aJuOPzbvqaWNKtDgPafCclU1eTDuZ6ZARSvA=="
    }
  }
}
